
Microsoft Visual Studio Solution File, Format Version 12.00
# Visual Studio Version 17
VisualStudioVersion = 17.4.33213.308
MinimumVisualStudioVersion = 10.0.40219.1
Project("{8BC9CEB8-8B4A-11D0-8D11-00A0C91BC942}") = "Ejercicio01", "Ejercicio01\Ejercicio01.vcxproj", "{64FF33A6-C007-44F9-BD56-8899CB510B1E}"
EndProject
Project("{8BC9CEB8-8B4A-11D0-8D11-00A0C91BC942}") = "Ejercicio02", "Ejercicio02\Ejercicio02.vcxproj", "{B4CF36F8-5CC6-4FD7-99D0-3CD2BF14FD76}"
EndProject
Project("{8BC9CEB8-8B4A-11D0-8D11-00A0C91BC942}") = "Ejercicio03", "Ejercicio03\Ejercicio03.vcxproj", "{C6163617-64FC-4E9B-A112-0612646A6C7A}"
EndProject
Project("{8BC9CEB8-8B4A-11D0-8D11-00A0C91BC942}") = "Ejercicio04", "Ejercicio04\Ejercicio04.vcxproj", "{9A7A8B12-60A4-4928-BC3E-14FE6932B7E6}"
EndProject
Project("{8BC9CEB8-8B4A-11D0-8D11-00A0C91BC942}") = "Ejercicio05", "Ejercicio05\Ejercicio05.vcxproj", "{F3F87805-26CE-47C7-9A31-B94A6D97CC71}"
EndProject
Project("{8BC9CEB8-8B4A-11D0-8D11-00A0C91BC942}") = "Ejercicio06", "Ejercicio06\Ejercicio06.vcxproj", "{CBE63A46-BE63-4F29-8BAE-4A86C1FA636E}"
EndProject
Project("{8BC9CEB8-8B4A-11D0-8D11-00A0C91BC942}") = "Ejercicio07", "Ejercicio07\Ejercicio07.vcxproj", "{F965562F-FCF1-44BD-BA75-417D15B2A564}"
EndProject
Project("{8BC9CEB8-8B4A-11D0-8D11-00A0C91BC942}") = "Ejercicio08", "Ejercicio08\Ejercicio08.vcxproj", "{DF5834AC-4DFA-46B1-9FA0-6F8E4DFB7CF8}"
EndProject
Project("{8BC9CEB8-8B4A-11D0-8D11-00A0C91BC942}") = "Ejercicio09", "Ejercicio09\Ejercicio09.vcxproj", "{5E2966C9-A571-4C42-82F5-4DD764D3465E}"
EndProject
Project("{8BC9CEB8-8B4A-11D0-8D11-00A0C91BC942}") = "Ejercicio10", "Ejercicio10\Ejercicio10.vcxproj", "{95DA6BD5-7B50-43D8-82F2-5D5BAEE7BE64}"
EndProject
Global
	GlobalSection(SolutionConfigurationPlatforms) = preSolution
		Debug|x64 = Debug|x64
		Debug|x86 = Debug|x86
		Release|x64 = Release|x64
		Release|x86 = Release|x86
	EndGlobalSection
	GlobalSection(ProjectConfigurationPlatforms) = postSolution
		{64FF33A6-C007-44F9-BD56-8899CB510B1E}.Debug|x64.ActiveCfg = Debug|x64
		{64FF33A6-C007-44F9-BD56-8899CB510B1E}.Debug|x64.Build.0 = Debug|x64
		{64FF33A6-C007-44F9-BD56-8899CB510B1E}.Debug|x86.ActiveCfg = Debug|Win32
		{64FF33A6-C007-44F9-BD56-8899CB510B1E}.Debug|x86.Build.0 = Debug|Win32
		{64FF33A6-C007-44F9-BD56-8899CB510B1E}.Release|x64.ActiveCfg = Release|x64
		{64FF33A6-C007-44F9-BD56-8899CB510B1E}.Release|x64.Build.0 = Release|x64
		{64FF33A6-C007-44F9-BD56-8899CB510B1E}.Release|x86.ActiveCfg = Release|Win32
		{64FF33A6-C007-44F9-BD56-8899CB510B1E}.Release|x86.Build.0 = Release|Win32
		{B4CF36F8-5CC6-4FD7-99D0-3CD2BF14FD76}.Debug|x64.ActiveCfg = Debug|x64
		{B4CF36F8-5CC6-4FD7-99D0-3CD2BF14FD76}.Debug|x64.Build.0 = Debug|x64
		{B4CF36F8-5CC6-4FD7-99D0-3CD2BF14FD76}.Debug|x86.ActiveCfg = Debug|Win32
		{B4CF36F8-5CC6-4FD7-99D0-3CD2BF14FD76}.Debug|x86.Build.0 = Debug|Win32
		{B4CF36F8-5CC6-4FD7-99D0-3CD2BF14FD76}.Release|x64.ActiveCfg = Release|x64
		{B4CF36F8-5CC6-4FD7-99D0-3CD2BF14FD76}.Release|x64.Build.0 = Release|x64
		{B4CF36F8-5CC6-4FD7-99D0-3CD2BF14FD76}.Release|x86.ActiveCfg = Release|Win32
		{B4CF36F8-5CC6-4FD7-99D0-3CD2BF14FD76}.Release|x86.Build.0 = Release|Win32
		{C6163617-64FC-4E9B-A112-0612646A6C7A}.Debug|x64.ActiveCfg = Debug|x64
		{C6163617-64FC-4E9B-A112-0612646A6C7A}.Debug|x64.Build.0 = Debug|x64
		{C6163617-64FC-4E9B-A112-0612646A6C7A}.Debug|x86.ActiveCfg = Debug|Win32
		{C6163617-64FC-4E9B-A112-0612646A6C7A}.Debug|x86.Build.0 = Debug|Win32
		{C6163617-64FC-4E9B-A112-0612646A6C7A}.Release|x64.ActiveCfg = Release|x64
		{C6163617-64FC-4E9B-A112-0612646A6C7A}.Release|x64.Build.0 = Release|x64
		{C6163617-64FC-4E9B-A112-0612646A6C7A}.Release|x86.ActiveCfg = Release|Win32
		{C6163617-64FC-4E9B-A112-0612646A6C7A}.Release|x86.Build.0 = Release|Win32
		{9A7A8B12-60A4-4928-BC3E-14FE6932B7E6}.Debug|x64.ActiveCfg = Debug|x64
		{9A7A8B12-60A4-4928-BC3E-14FE6932B7E6}.Debug|x64.Build.0 = Debug|x64
		{9A7A8B12-60A4-4928-BC3E-14FE6932B7E6}.Debug|x86.ActiveCfg = Debug|Win32
		{9A7A8B12-60A4-4928-BC3E-14FE6932B7E6}.Debug|x86.Build.0 = Debug|Win32
		{9A7A8B12-60A4-4928-BC3E-14FE6932B7E6}.Release|x64.ActiveCfg = Release|x64
		{9A7A8B12-60A4-4928-BC3E-14FE6932B7E6}.Release|x64.Build.0 = Release|x64
		{9A7A8B12-60A4-4928-BC3E-14FE6932B7E6}.Release|x86.ActiveCfg = Release|Win32
		{9A7A8B12-60A4-4928-BC3E-14FE6932B7E6}.Release|x86.Build.0 = Release|Win32
		{F3F87805-26CE-47C7-9A31-B94A6D97CC71}.Debug|x64.ActiveCfg = Debug|x64
		{F3F87805-26CE-47C7-9A31-B94A6D97CC71}.Debug|x64.Build.0 = Debug|x64
		{F3F87805-26CE-47C7-9A31-B94A6D97CC71}.Debug|x86.ActiveCfg = Debug|Win32
		{F3F87805-26CE-47C7-9A31-B94A6D97CC71}.Debug|x86.Build.0 = Debug|Win32
		{F3F87805-26CE-47C7-9A31-B94A6D97CC71}.Release|x64.ActiveCfg = Release|x64
		{F3F87805-26CE-47C7-9A31-B94A6D97CC71}.Release|x64.Build.0 = Release|x64
		{F3F87805-26CE-47C7-9A31-B94A6D97CC71}.Release|x86.ActiveCfg = Release|Win32
		{F3F87805-26CE-47C7-9A31-B94A6D97CC71}.Release|x86.Build.0 = Release|Win32
		{CBE63A46-BE63-4F29-8BAE-4A86C1FA636E}.Debug|x64.ActiveCfg = Debug|x64
		{CBE63A46-BE63-4F29-8BAE-4A86C1FA636E}.Debug|x64.Build.0 = Debug|x64
		{CBE63A46-BE63-4F29-8BAE-4A86C1FA636E}.Debug|x86.ActiveCfg = Debug|Win32
		{CBE63A46-BE63-4F29-8BAE-4A86C1FA636E}.Debug|x86.Build.0 = Debug|Win32
		{CBE63A46-BE63-4F29-8BAE-4A86C1FA636E}.Release|x64.ActiveCfg = Release|x64
		{CBE63A46-BE63-4F29-8BAE-4A86C1FA636E}.Release|x64.Build.0 = Release|x64
		{CBE63A46-BE63-4F29-8BAE-4A86C1FA636E}.Release|x86.ActiveCfg = Release|Win32
		{CBE63A46-BE63-4F29-8BAE-4A86C1FA636E}.Release|x86.Build.0 = Release|Win32
		{F965562F-FCF1-44BD-BA75-417D15B2A564}.Debug|x64.ActiveCfg = Debug|x64
		{F965562F-FCF1-44BD-BA75-417D15B2A564}.Debug|x64.Build.0 = Debug|x64
		{F965562F-FCF1-44BD-BA75-417D15B2A564}.Debug|x86.ActiveCfg = Debug|Win32
		{F965562F-FCF1-44BD-BA75-417D15B2A564}.Debug|x86.Build.0 = Debug|Win32
		{F965562F-FCF1-44BD-BA75-417D15B2A564}.Release|x64.ActiveCfg = Release|x64
		{F965562F-FCF1-44BD-BA75-417D15B2A564}.Release|x64.Build.0 = Release|x64
		{F965562F-FCF1-44BD-BA75-417D15B2A564}.Release|x86.ActiveCfg = Release|Win32
		{F965562F-FCF1-44BD-BA75-417D15B2A564}.Release|x86.Build.0 = Release|Win32
		{DF5834AC-4DFA-46B1-9FA0-6F8E4DFB7CF8}.Debug|x64.ActiveCfg = Debug|x64
		{DF5834AC-4DFA-46B1-9FA0-6F8E4DFB7CF8}.Debug|x64.Build.0 = Debug|x64
		{DF5834AC-4DFA-46B1-9FA0-6F8E4DFB7CF8}.Debug|x86.ActiveCfg = Debug|Win32
		{DF5834AC-4DFA-46B1-9FA0-6F8E4DFB7CF8}.Debug|x86.Build.0 = Debug|Win32
		{DF5834AC-4DFA-46B1-9FA0-6F8E4DFB7CF8}.Release|x64.ActiveCfg = Release|x64
		{DF5834AC-4DFA-46B1-9FA0-6F8E4DFB7CF8}.Release|x64.Build.0 = Release|x64
		{DF5834AC-4DFA-46B1-9FA0-6F8E4DFB7CF8}.Release|x86.ActiveCfg = Release|Win32
		{DF5834AC-4DFA-46B1-9FA0-6F8E4DFB7CF8}.Release|x86.Build.0 = Release|Win32
		{5E2966C9-A571-4C42-82F5-4DD764D3465E}.Debug|x64.ActiveCfg = Debug|x64
		{5E2966C9-A571-4C42-82F5-4DD764D3465E}.Debug|x64.Build.0 = Debug|x64
		{5E2966C9-A571-4C42-82F5-4DD764D3465E}.Debug|x86.ActiveCfg = Debug|Win32
		{5E2966C9-A571-4C42-82F5-4DD764D3465E}.Debug|x86.Build.0 = Debug|Win32
		{5E2966C9-A571-4C42-82F5-4DD764D3465E}.Release|x64.ActiveCfg = Release|x64
		{5E2966C9-A571-4C42-82F5-4DD764D3465E}.Release|x64.Build.0 = Release|x64
		{5E2966C9-A571-4C42-82F5-4DD764D3465E}.Release|x86.ActiveCfg = Release|Win32
		{5E2966C9-A571-4C42-82F5-4DD764D3465E}.Release|x86.Build.0 = Release|Win32
		{95DA6BD5-7B50-43D8-82F2-5D5BAEE7BE64}.Debug|x64.ActiveCfg = Debug|x64
		{95DA6BD5-7B50-43D8-82F2-5D5BAEE7BE64}.Debug|x64.Build.0 = Debug|x64
		{95DA6BD5-7B50-43D8-82F2-5D5BAEE7BE64}.Debug|x86.ActiveCfg = Debug|Win32
		{95DA6BD5-7B50-43D8-82F2-5D5BAEE7BE64}.Debug|x86.Build.0 = Debug|Win32
		{95DA6BD5-7B50-43D8-82F2-5D5BAEE7BE64}.Release|x64.ActiveCfg = Release|x64
		{95DA6BD5-7B50-43D8-82F2-5D5BAEE7BE64}.Release|x64.Build.0 = Release|x64
		{95DA6BD5-7B50-43D8-82F2-5D5BAEE7BE64}.Release|x86.ActiveCfg = Release|Win32
		{95DA6BD5-7B50-43D8-82F2-5D5BAEE7BE64}.Release|x86.Build.0 = Release|Win32
	EndGlobalSection
	GlobalSection(SolutionProperties) = preSolution
		HideSolutionNode = FALSE
	EndGlobalSection
	GlobalSection(ExtensibilityGlobals) = postSolution
		SolutionGuid = {7C982927-EE10-4C70-A659-DAF37233E3D0}
	EndGlobalSection
EndGlobal
